
Microsoft Visual Studio Solution File, Format Version 12.00
# Visual Studio Version 16
VisualStudioVersion = 16.0.31112.23
MinimumVisualStudioVersion = 10.0.40219.1
Project("{FAE04EC0-301F-11D3-BF4B-00C04F79EFBC}") = "InfoPlus", "InfoPlus\InfoPlus.csproj", "{FE878B7E-874F-4BE6-B03C-D6B37F9963DA}"
EndProject
Global
	GlobalSection(SolutionConfigurationPlatforms) = preSolution
		Debug|Any CPU = Debug|Any CPU
		Release|Any CPU = Release|Any CPU
	EndGlobalSection
	GlobalSection(ProjectConfigurationPlatforms) = postSolution
		{FE878B7E-874F-4BE6-B03C-D6B37F9963DA}.Debug|Any CPU.ActiveCfg = Debug|Any CPU
		{FE878B7E-874F-4BE6-B03C-D6B37F9963DA}.Debug|Any CPU.Build.0 = Debug|Any CPU
		{FE878B7E-874F-4BE6-B03C-D6B37F9963DA}.Release|Any CPU.ActiveCfg = Release|Any CPU
		{FE878B7E-874F-4BE6-B03C-D6B37F9963DA}.Release|Any CPU.Build.0 = Release|Any CPU
	EndGlobalSection
	GlobalSection(SolutionProperties) = preSolution
		HideSolutionNode = FALSE
	EndGlobalSection
	GlobalSection(ExtensibilityGlobals) = postSolution
		SolutionGuid = {1A4EC9EE-4215-4EE9-9946-15ADEEC4CEB8}
	EndGlobalSection
EndGlobal
